// !$*UTF8*$!
{
	archiveVersion = 1;
	classes = {
	};
	objectVersion = 46;
	objects = {

/* Begin PBXBuildFile section */
		04155E961CACAED800B3C008 /* main.m in Sources */ = {isa = PBXBuildFile; fileRef = 04155E951CACAED800B3C008 /* main.m */; };
		04155E991CACAED800B3C008 /* AppDelegate.m in Sources */ = {isa = PBXBuildFile; fileRef = 04155E981CACAED800B3C008 /* AppDelegate.m */; };
		04155E9C1CACAED800B3C008 /* ViewController.m in Sources */ = {isa = PBXBuildFile; fileRef = 04155E9B1CACAED800B3C008 /* ViewController.m */; };
		04155E9F1CACAED800B3C008 /* Main.storyboard in Resources */ = {isa = PBXBuildFile; fileRef = 04155E9D1CACAED800B3C008 /* Main.storyboard */; };
		04155EA11CACAED800B3C008 /* Assets.xcassets in Resources */ = {isa = PBXBuildFile; fileRef = 04155EA01CACAED800B3C008 /* Assets.xcassets */; };
		04155EA41CACAED800B3C008 /* LaunchScreen.storyboard in Resources */ = {isa = PBXBuildFile; fileRef = 04155EA21CACAED800B3C008 /* LaunchScreen.storyboard */; };
		04264A0B1CADE058005207CE /* propertyNSObject.m in Sources */ = {isa = PBXBuildFile; fileRef = 04264A0A1CADE058005207CE /* propertyNSObject.m */; };
		04264A111CAE0D28005207CE /* DetailViewController.m in Sources */ = {isa = PBXBuildFile; fileRef = 04264A101CAE0D28005207CE /* DetailViewController.m */; };
		04495E321D687C22003954C2 /* CustomCell.m in Sources */ = {isa = PBXBuildFile; fileRef = 04495E311D687C22003954C2 /* CustomCell.m */; };
/* End PBXBuildFile section */

/* Begin PBXFileReference section */
		04155E911CACAED800B3C008 /* jsonExample.app */ = {isa = PBXFileReference; explicitFileType = wrapper.application; includeInIndex = 0; path = jsonExample.app; sourceTree = BUILT_PRODUCTS_DIR; };
		04155E951CACAED800B3C008 /* main.m */ = {isa = PBXFileReference; lastKnownFileType = sourcecode.c.objc; path = main.m; sourceTree = "<group>"; };
		04155E971CACAED800B3C008 /* AppDelegate.h */ = {isa = PBXFileReference; lastKnownFileType = sourcecode.c.h; path = AppDelegate.h; sourceTree = "<group>"; };
		04155E981CACAED800B3C008 /* AppDelegate.m */ = {isa = PBXFileReference; lastKnownFileType = sourcecode.c.objc; path = AppDelegate.m; sourceTree = "<group>"; };
		04155E9A1CACAED800B3C008 /* ViewController.h */ = {isa = PBXFileReference; lastKnownFileType = sourcecode.c.h; path = ViewController.h; sourceTree = "<group>"; };
		04155E9B1CACAED800B3C008 /* ViewController.m */ = {isa = PBXFileReference; lastKnownFileType = sourcecode.c.objc; path = ViewController.m; sourceTree = "<group>"; };
		04155E9E1CACAED800B3C008 /* Base */ = {isa = PBXFileReference; lastKnownFileType = file.storyboard; name = Base; path = Base.lproj/Main.storyboard; sourceTree = "<group>"; };
		04155EA01CACAED800B3C008 /* Assets.xcassets */ = {isa = PBXFileReference; lastKnownFileType = folder.assetcatalog; path = Assets.xcassets; sourceTree = "<group>"; };
		04155EA31CACAED800B3C008 /* Base */ = {isa = PBXFileReference; lastKnownFileType = file.storyboard; name = Base; path = Base.lproj/LaunchScreen.storyboard; sourceTree = "<group>"; };
		04155EA51CACAED800B3C008 /* Info.plist */ = {isa = PBXFileReference; lastKnownFileType = text.plist.xml; path = Info.plist; sourceTree = "<group>"; };
		04264A091CADE058005207CE /* propertyNSObject.h */ = {isa = PBXFileReference; fileEncoding = 4; lastKnownFileType = sourcecode.c.h; path = propertyNSObject.h; sourceTree = "<group>"; };
		04264A0A1CADE058005207CE /* propertyNSObject.m */ = {isa = PBXFileReference; fileEncoding = 4; lastKnownFileType = sourcecode.c.objc; path = propertyNSObject.m; sourceTree = "<group>"; };
		04264A0F1CAE0D28005207CE /* DetailViewController.h */ = {isa = PBXFileReference; fileEncoding = 4; lastKnownFileType = sourcecode.c.h; path = DetailViewController.h; sourceTree = "<group>"; };
		04264A101CAE0D28005207CE /* DetailViewController.m */ = {isa = PBXFileReference; fileEncoding = 4; lastKnownFileType = sourcecode.c.objc; path = DetailViewController.m; sourceTree = "<group>"; };
		04495E301D687C22003954C2 /* CustomCell.h */ = {isa = PBXFileReference; fileEncoding = 4; lastKnownFileType = sourcecode.c.h; name = CustomCell.h; path = ../CustomCell.h; sourceTree = "<group>"; };
		04495E311D687C22003954C2 /* CustomCell.m */ = {isa = PBXFileReference; fileEncoding = 4; lastKnownFileType = sourcecode.c.objc; name = CustomCell.m; path = ../CustomCell.m; sourceTree = "<group>"; };
/* End PBXFileReference section */

/* Begin PBXFrameworksBuildPhase section */
		04155E8E1CACAED800B3C008 /* Frameworks */ = {
			isa = PBXFrameworksBuildPhase;
			buildActionMask = 2147483647;
			files = (
			);
			runOnlyForDeploymentPostprocessing = 0;
		};
/* End PBXFrameworksBuildPhase section */

/* Begin PBXGroup section */
		04155E881CACAED800B3C008 = {
			isa = PBXGroup;
			children = (
				04155E931CACAED800B3C008 /* jsonExample */,
				04155E921CACAED800B3C008 /* Products */,
			);
			sourceTree = "<group>";
		};
		04155E921CACAED800B3C008 /* Products */ = {
			isa = PBXGroup;
			children = (
				04155E911CACAED800B3C008 /* jsonExample.app */,
			);
			name = Products;
			sourceTree = "<group>";
		};
		04155E931CACAED800B3C008 /* jsonExample */ = {
			isa = PBXGroup;
			children = (
				04155E971CACAED800B3C008 /* AppDelegate.h */,
				04155E981CACAED800B3C008 /* AppDelegate.m */,
				04155E9A1CACAED800B3C008 /* ViewController.h */,
				04155E9B1CACAED800B3C008 /* ViewController.m */,
				04155E9D1CACAED800B3C008 /* Main.storyboard */,
				04155EA01CACAED800B3C008 /* Assets.xcassets */,
				04155EA21CACAED800B3C008 /* LaunchScreen.storyboard */,
				04155EA51CACAED800B3C008 /* Info.plist */,
				04155E941CACAED800B3C008 /* Supporting Files */,
				04264A091CADE058005207CE /* propertyNSObject.h */,
				04264A0A1CADE058005207CE /* propertyNSObject.m */,
				04264A0F1CAE0D28005207CE /* DetailViewController.h */,
				04264A101CAE0D28005207CE /* DetailViewController.m */,
				04495E301D687C22003954C2 /* CustomCell.h */,
				04495E311D687C22003954C2 /* CustomCell.m */,
			);
			path = jsonExample;
			sourceTree = "<group>";
		};
		04155E941CACAED800B3C008 /* Supporting Files */ = {
			isa = PBXGroup;
			children = (
				04155E951CACAED800B3C008 /* main.m */,
			);
			name = "Supporting Files";
			sourceTree = "<group>";
		};
/* End PBXGroup section */

/* Begin PBXNativeTarget section */
		04155E901CACAED800B3C008 /* jsonExample */ = {
			isa = PBXNativeTarget;
			buildConfigurationList = 04155EA81CACAED800B3C008 /* Build configuration list for PBXNativeTarget "jsonExample" */;
			buildPhases = (
				04155E8D1CACAED800B3C008 /* Sources */,
				04155E8E1CACAED800B3C008 /* Frameworks */,
				04155E8F1CACAED800B3C008 /* Resources */,
			);
			buildRules = (
			);
			dependencies = (
			);
			name = jsonExample;
			productName = jsonExample;
			productReference = 04155E911CACAED800B3C008 /* jsonExample.app */;
			productType = "com.apple.product-type.application";
		};
/* End PBXNativeTarget section */

/* Begin PBXProject section */
		04155E891CACAED800B3C008 /* Project object */ = {
			isa = PBXProject;
			attributes = {
				LastUpgradeCheck = 0720;
				ORGANIZATIONNAME = MCS;
				TargetAttributes = {
					04155E901CACAED800B3C008 = {
						CreatedOnToolsVersion = 7.2.1;
					};
				};
			};
			buildConfigurationList = 04155E8C1CACAED800B3C008 /* Build configuration list for PBXProject "jsonExample" */;
			compatibilityVersion = "Xcode 3.2";
			developmentRegion = English;
			hasScannedForEncodings = 0;
			knownRegions = (
				en,
				Base,
			);
			mainGroup = 04155E881CACAED800B3C008;
			productRefGroup = 04155E921CACAED800B3C008 /* Products */;
			projectDirPath = "";
			projectRoot = "";
			targets = (
				04155E901CACAED800B3C008 /* jsonExample */,
			);
		};
/* End PBXProject section */

/* Begin PBXResourcesBuildPhase section */
		04155E8F1CACAED800B3C008 /* Resources */ = {
			isa = PBXResourcesBuildPhase;
			buildActionMask = 2147483647;
			files = (
				04155EA41CACAED800B3C008 /* LaunchScreen.storyboard in Resources */,
				04155EA11CACAED800B3C008 /* Assets.xcassets in Resources */,
				04155E9F1CACAED800B3C008 /* Main.storyboard in Resources */,
			);
			runOnlyForDeploymentPostprocessing = 0;
		};
/* End PBXResourcesBuildPhase section */

/* Begin PBXSourcesBuildPhase section */
		04155E8D1CACAED800B3C008 /* Sources */ = {
			isa = PBXSourcesBuildPhase;
			buildActionMask = 2147483647;
			files = (
				04155E9C1CACAED800B3C008 /* ViewController.m in Sources */,
				04155E991CACAED800B3C008 /* AppDelegate.m in Sources */,
				04495E321D687C22003954C2 /* CustomCell.m in Sources */,
				04264A0B1CADE058005207CE /* propertyNSObject.m in Sources */,
				04155E961CACAED800B3C008 /* main.m in Sources */,
				04264A111CAE0D28005207CE /* DetailViewController.m in Sources */,
			);
			runOnlyForDeploymentPostprocessing = 0;
		};
/* End PBXSourcesBuildPhase section */

/* Begin PBXVariantGroup section */
		04155E9D1CACAED800B3C008 /* Main.storyboard */ = {
			isa = PBXVariantGroup;
			children = (
				04155E9E1CACAED800B3C008 /* Base */,
			);
			name = Main.storyboard;
			sourceTree = "<group>";
		};
		04155EA21CACAED800B3C008 /* LaunchScreen.storyboard */ = {
			isa = PBXVariantGroup;
			children = (
				04155EA31CACAED800B3C008 /* Base */,
			);
			name = LaunchScreen.storyboard;
			sourceTree = "<group>";
		};
/* End PBXVariantGroup section */

/* Begin XCBuildConfiguration section */
		04155EA61CACAED800B3C008 /* Debug */ = {
			isa = XCBuildConfiguration;
			buildSettings = {
				ALWAYS_SEARCH_USER_PATHS = NO;
				CLANG_CXX_LANGUAGE_STANDARD = "gnu++0x";
				CLANG_CXX_LIBRARY = "libc++";
				CLANG_ENABLE_MODULES = YES;
				CLANG_ENABLE_OBJC_ARC = YES;
				CLANG_WARN_BOOL_CONVERSION = YES;
				CLANG_WARN_CONSTANT_CONVERSION = YES;
				CLANG_WARN_DIRECT_OBJC_ISA_USAGE = YES_ERROR;
				CLANG_WARN_EMPTY_BODY = YES;
				CLANG_WARN_ENUM_CONVERSION = YES;
				CLANG_WARN_INT_CONVERSION = YES;
				CLANG_WARN_OBJC_ROOT_CLASS = YES_ERROR;
				CLANG_WARN_UNREACHABLE_CODE = YES;
				CLANG_WARN__DUPLICATE_METHOD_MATCH = YES;
				"CODE_SIGN_IDENTITY[sdk=iphoneos*]" = "iPhone Developer";
				COPY_PHASE_STRIP = NO;
				DEBUG_INFORMATION_FORMAT = dwarf;
				ENABLE_STRICT_OBJC_MSGSEND = YES;
				ENABLE_TESTABILITY = YES;
				GCC_C_LANGUAGE_STANDARD = gnu99;
				GCC_DYNAMIC_NO_PIC = NO;
				GCC_NO_COMMON_BLOCKS = YES;
				GCC_OPTIMIZATION_LEVEL = 0;
				GCC_PREPROCESSOR_DEFINITIONS = (
					"DEBUG=1",
					"$(inherited)",
				);
				GCC_WARN_64_TO_32_BIT_CONVERSION = YES;
				GCC_WARN_ABOUT_RETURN_TYPE = YES_ERROR;
				GCC_WARN_UNDECLARED_SELECTOR = YES;
				GCC_WARN_UNINITIALIZED_AUTOS = YES_AGGRESSIVE;
				GCC_WARN_UNUSED_FUNCTION = YES;
				GCC_WARN_UNUSED_VARIABLE = YES;
				IPHONEOS_DEPLOYMENT_TARGET = 9.2;
				MTL_ENABLE_DEBUG_INFO = YES;
				ONLY_ACTIVE_ARCH = YES;
				SDKROOT = iphoneos;
			};
			name = Debug;
		};
		04155EA71CACAED800B3C008 /* Release */ = {
			isa = XCBuildConfiguration;
			buildSettings = {
				ALWAYS_SEARCH_USER_PATHS = NO;
				CLANG_CXX_LANGUAGE_STANDARD = "gnu++0x";
				CLANG_CXX_LIBRARY = "libc++";
				CLANG_ENABLE_MODULES = YES;
				CLANG_ENABLE_OBJC_ARC = YES;
				CLANG_WARN_BOOL_CONVERSION = YES;
				CLANG_WARN_CONSTANT_CONVERSION = YES;
				CLANG_WARN_DIRECT_OBJC_ISA_USAGE = YES_ERROR;
				CLANG_WARN_EMPTY_BODY = YES;
				CLANG_WARN_ENUM_CONVERSION = YES;
				CLANG_WARN_INT_CONVERSION = YES;
				CLANG_WARN_OBJC_ROOT_CLASS = YES_ERROR;
				CLANG_WARN_UNREACHABLE_CODE = YES;
				CLANG_WARN__DUPLICATE_METHOD_MATCH = YES;
				"CODE_SIGN_IDENTITY[sdk=iphoneos*]" = "iPhone Developer";
				COPY_PHASE_STRIP = NO;
				DEBUG_INFORMATION_FORMAT = "dwarf-with-dsym";
				ENABLE_NS_ASSERTIONS = NO;
				ENABLE_STRICT_OBJC_MSGSEND = YES;
				GCC_C_LANGUAGE_STANDARD = gnu99;
				GCC_NO_COMMON_BLOCKS = YES;
				GCC_WARN_64_TO_32_BIT_CONVERSION = YES;
				GCC_WARN_ABOUT_RETURN_TYPE = YES_ERROR;
				GCC_WARN_UNDECLARED_SELECTOR = YES;
				GCC_WARN_UNINITIALIZED_AUTOS = YES_AGGRESSIVE;
				GCC_WARN_UNUSED_FUNCTION = YES;
				GCC_WARN_UNUSED_VARIABLE = YES;
				IPHONEOS_DEPLOYMENT_TARGET = 9.2;
				MTL_ENABLE_DEBUG_INFO = NO;
				SDKROOT = iphoneos;
				VALIDATE_PRODUCT = YES;
			};
			name = Release;
		};
		04155EA91CACAED800B3C008 /* Debug */ = {
			isa = XCBuildConfiguration;
			buildSettings = {
				ASSETCATALOG_COMPILER_APPICON_NAME = AppIcon;
				INFOPLIST_FILE = jsonExample/Info.plist;
				LD_RUNPATH_SEARCH_PATHS = "$(inherited) @executable_path/Frameworks";
				PRODUCT_BUNDLE_IDENTIFIER = com.mobileconsultingsolutions.jsonExample;
				PRODUCT_NAME = "$(TARGET_NAME)";
			};
			name = Debug;
		};
		04155EAA1CACAED800B3C008 /* Release */ = {
			isa = XCBuildConfiguration;
			buildSettings = {
				ASSETCATALOG_COMPILER_APPICON_NAME = AppIcon;
				INFOPLIST_FILE = jsonExample/Info.plist;
				LD_RUNPATH_SEARCH_PATHS = "$(inherited) @executable_path/Frameworks";
				PRODUCT_BUNDLE_IDENTIFIER = com.mobileconsultingsolutions.jsonExample;
				PRODUCT_NAME = "$(TARGET_NAME)";
			};
			name = Release;
		};
/* End XCBuildConfiguration section */

/* Begin XCConfigurationList section */
		04155E8C1CACAED800B3C008 /* Build configuration list for PBXProject "jsonExample" */ = {
			isa = XCConfigurationList;
			buildConfigurations = (
				04155EA61CACAED800B3C008 /* Debug */,
				04155EA71CACAED800B3C008 /* Release */,
			);
			defaultConfigurationIsVisible = 0;
			defaultConfigurationName = Release;
		};
		04155EA81CACAED800B3C008 /* Build configuration list for PBXNativeTarget "jsonExample" */ = {
			isa = XCConfigurationList;
			buildConfigurations = (
				04155EA91CACAED800B3C008 /* Debug */,
				04155EAA1CACAED800B3C008 /* Release */,
			);
			defaultConfigurationIsVisible = 0;
			defaultConfigurationName = Release;
		};
/* End XCConfigurationList section */
	};
	rootObject = 04155E891CACAED800B3C008 /* Project object */;
}
